
Microsoft Visual Studio Solution File, Format Version 12.00
# Visual Studio Version 17
VisualStudioVersion = 17.11.35327.3
MinimumVisualStudioVersion = 10.0.40219.1
Project("{888888A0-9F3D-457C-B088-3A5042F75D52}") = "python", "python.pyproj", "{E6E78E74-998A-4B9B-8E62-9E7CC758A26D}"
EndProject
Global
	GlobalSection(SolutionConfigurationPlatforms) = preSolution
		Debug|Any CPU = Debug|Any CPU
		Release|Any CPU = Release|Any CPU
	EndGlobalSection
	GlobalSection(ProjectConfigurationPlatforms) = postSolution
		{E6E78E74-998A-4B9B-8E62-9E7CC758A26D}.Debug|Any CPU.ActiveCfg = Debug|Any CPU
		{E6E78E74-998A-4B9B-8E62-9E7CC758A26D}.Release|Any CPU.ActiveCfg = Release|Any CPU
	EndGlobalSection
	GlobalSection(SolutionProperties) = preSolution
		HideSolutionNode = FALSE
	EndGlobalSection
	GlobalSection(ExtensibilityGlobals) = postSolution
		SolutionGuid = {AFD07ED4-BAE1-4FC9-A067-33A5C9C9FE8A}
	EndGlobalSection
EndGlobal
